// !$*UTF8*$!
{
	archiveVersion = 1;
	classes = {
	};
	objectVersion = 53;
	objects = {

/* Begin PBXBuildFile section */
		23267963288CDB7500E98E42 /* Kanit-Black.ttf in Resources */ = {isa = PBXBuildFile; fileRef = 23267962288CDB7500E98E42 /* Kanit-Black.ttf */; };
		23267965288CE46600E98E42 /* LoadingCell.swift in Sources */ = {isa = PBXBuildFile; fileRef = 23267964288CE46600E98E42 /* LoadingCell.swift */; };
		23267967288CE48600E98E42 /* LoadingSectionController.swift in Sources */ = {isa = PBXBuildFile; fileRef = 23267966288CE48600E98E42 /* LoadingSectionController.swift */; };
		23267969288CE69100E98E42 /* ButtonCell.swift in Sources */ = {isa = PBXBuildFile; fileRef = 23267968288CE69100E98E42 /* ButtonCell.swift */; };
		2326796B288CE74400E98E42 /* ButtonSectionController.swift in Sources */ = {isa = PBXBuildFile; fileRef = 2326796A288CE74400E98E42 /* ButtonSectionController.swift */; };
		2326796D288CEE2300E98E42 /* LabelCell.swift in Sources */ = {isa = PBXBuildFile; fileRef = 2326796C288CEE2300E98E42 /* LabelCell.swift */; };
		2326796F288CEE6B00E98E42 /* LabelSectionController.swift in Sources */ = {isa = PBXBuildFile; fileRef = 2326796E288CEE6B00E98E42 /* LabelSectionController.swift */; };
		23267971288CF03F00E98E42 /* ResultsCell.swift in Sources */ = {isa = PBXBuildFile; fileRef = 23267970288CF03F00E98E42 /* ResultsCell.swift */; };
		23267973288CF17000E98E42 /* ResultSectionController.swift in Sources */ = {isa = PBXBuildFile; fileRef = 23267972288CF17000E98E42 /* ResultSectionController.swift */; };
		239ACA51288C149900D87763 /* AppDelegate.swift in Sources */ = {isa = PBXBuildFile; fileRef = 239ACA50288C149900D87763 /* AppDelegate.swift */; };
		239ACA53288C149900D87763 /* SceneDelegate.swift in Sources */ = {isa = PBXBuildFile; fileRef = 239ACA52288C149900D87763 /* SceneDelegate.swift */; };
		239ACA55288C149900D87763 /* OptionsViewController.swift in Sources */ = {isa = PBXBuildFile; fileRef = 239ACA54288C149900D87763 /* OptionsViewController.swift */; };
		239ACA5A288C149B00D87763 /* Assets.xcassets in Resources */ = {isa = PBXBuildFile; fileRef = 239ACA59288C149B00D87763 /* Assets.xcassets */; };
		239ACA65288C164800D87763 /* LaunchScreen.storyboard in Resources */ = {isa = PBXBuildFile; fileRef = 239ACA64288C164800D87763 /* LaunchScreen.storyboard */; };
		239ACA69288C178E00D87763 /* ColorExtensions.swift in Sources */ = {isa = PBXBuildFile; fileRef = 239ACA68288C178E00D87763 /* ColorExtensions.swift */; };
		239ACA6B288C179B00D87763 /* StringExtensions.swift in Sources */ = {isa = PBXBuildFile; fileRef = 239ACA6A288C179B00D87763 /* StringExtensions.swift */; };
		23C52A41288C211D00949AC0 /* GoogleService-Info.plist in Resources */ = {isa = PBXBuildFile; fileRef = 23C52A40288C211D00949AC0 /* GoogleService-Info.plist */; };
		23C52A45288C2D7D00949AC0 /* Kanit-Medium.ttf in Resources */ = {isa = PBXBuildFile; fileRef = 23C52A44288C2D7D00949AC0 /* Kanit-Medium.ttf */; };
		23C52A47288C2DA500949AC0 /* Kanit-Regular.ttf in Resources */ = {isa = PBXBuildFile; fileRef = 23C52A46288C2DA500949AC0 /* Kanit-Regular.ttf */; };
		23C52A49288C2DFA00949AC0 /* FontHelper.swift in Sources */ = {isa = PBXBuildFile; fileRef = 23C52A48288C2DFA00949AC0 /* FontHelper.swift */; };
		23C52A4D288C328D00949AC0 /* OptionSectionController.swift in Sources */ = {isa = PBXBuildFile; fileRef = 23C52A4C288C328D00949AC0 /* OptionSectionController.swift */; };
		23C52A4F288C342F00949AC0 /* OptionCell.swift in Sources */ = {isa = PBXBuildFile; fileRef = 23C52A4E288C342F00949AC0 /* OptionCell.swift */; };
		23C52A52288C859500949AC0 /* ProgressCell.swift in Sources */ = {isa = PBXBuildFile; fileRef = 23C52A51288C859500949AC0 /* ProgressCell.swift */; };
		23C52A55288C85CA00949AC0 /* ProgressSectionController.swift in Sources */ = {isa = PBXBuildFile; fileRef = 23C52A54288C85CA00949AC0 /* ProgressSectionController.swift */; };
		23C52A57288C925800949AC0 /* OptionTitleSectionController.swift in Sources */ = {isa = PBXBuildFile; fileRef = 23C52A56288C925800949AC0 /* OptionTitleSectionController.swift */; };
		23C52A59288C926F00949AC0 /* OptionTitleCell.swift in Sources */ = {isa = PBXBuildFile; fileRef = 23C52A58288C926F00949AC0 /* OptionTitleCell.swift */; };
		23C52A5B288C94B800949AC0 /* BannerAdSectionController.swift in Sources */ = {isa = PBXBuildFile; fileRef = 23C52A5A288C94B800949AC0 /* BannerAdSectionController.swift */; };
		23C52A5D288C94CB00949AC0 /* BannerAdCell.swift in Sources */ = {isa = PBXBuildFile; fileRef = 23C52A5C288C94CB00949AC0 /* BannerAdCell.swift */; };
		23C52A60288CC90500949AC0 /* FittingData.swift in Sources */ = {isa = PBXBuildFile; fileRef = 23C52A5F288CC90500949AC0 /* FittingData.swift */; };
		AB7184BBA74FA8D8D7713CEC /* Pods_AR_PutterFitter.framework in Frameworks */ = {isa = PBXBuildFile; fileRef = 2079913F523334FA54879694 /* Pods_AR_PutterFitter.framework */; };
/* End PBXBuildFile section */

/* Begin PBXFileReference section */
		1ADCDB144967B7AA3ABA09E0 /* Pods-AR.PutterFitter.debug.xcconfig */ = {isa = PBXFileReference; includeInIndex = 1; lastKnownFileType = text.xcconfig; name = "Pods-AR.PutterFitter.debug.xcconfig"; path = "Target Support Files/Pods-AR.PutterFitter/Pods-AR.PutterFitter.debug.xcconfig"; sourceTree = "<group>"; };
		2079913F523334FA54879694 /* Pods_AR_PutterFitter.framework */ = {isa = PBXFileReference; explicitFileType = wrapper.framework; includeInIndex = 0; path = Pods_AR_PutterFitter.framework; sourceTree = BUILT_PRODUCTS_DIR; };
		23267962288CDB7500E98E42 /* Kanit-Black.ttf */ = {isa = PBXFileReference; lastKnownFileType = file; path = "Kanit-Black.ttf"; sourceTree = "<group>"; };
		23267964288CE46600E98E42 /* LoadingCell.swift */ = {isa = PBXFileReference; lastKnownFileType = sourcecode.swift; path = LoadingCell.swift; sourceTree = "<group>"; };
		23267966288CE48600E98E42 /* LoadingSectionController.swift */ = {isa = PBXFileReference; lastKnownFileType = sourcecode.swift; path = LoadingSectionController.swift; sourceTree = "<group>"; };
		23267968288CE69100E98E42 /* ButtonCell.swift */ = {isa = PBXFileReference; lastKnownFileType = sourcecode.swift; path = ButtonCell.swift; sourceTree = "<group>"; };
		2326796A288CE74400E98E42 /* ButtonSectionController.swift */ = {isa = PBXFileReference; lastKnownFileType = sourcecode.swift; path = ButtonSectionController.swift; sourceTree = "<group>"; };
		2326796C288CEE2300E98E42 /* LabelCell.swift */ = {isa = PBXFileReference; lastKnownFileType = sourcecode.swift; path = LabelCell.swift; sourceTree = "<group>"; };
		2326796E288CEE6B00E98E42 /* LabelSectionController.swift */ = {isa = PBXFileReference; lastKnownFileType = sourcecode.swift; path = LabelSectionController.swift; sourceTree = "<group>"; };
		23267970288CF03F00E98E42 /* ResultsCell.swift */ = {isa = PBXFileReference; lastKnownFileType = sourcecode.swift; path = ResultsCell.swift; sourceTree = "<group>"; };
		23267972288CF17000E98E42 /* ResultSectionController.swift */ = {isa = PBXFileReference; lastKnownFileType = sourcecode.swift; path = ResultSectionController.swift; sourceTree = "<group>"; };
		239ACA4D288C149900D87763 /* AR.PutterFitter.app */ = {isa = PBXFileReference; explicitFileType = wrapper.application; includeInIndex = 0; path = AR.PutterFitter.app; sourceTree = BUILT_PRODUCTS_DIR; };
		239ACA50288C149900D87763 /* AppDelegate.swift */ = {isa = PBXFileReference; lastKnownFileType = sourcecode.swift; path = AppDelegate.swift; sourceTree = "<group>"; };
		239ACA52288C149900D87763 /* SceneDelegate.swift */ = {isa = PBXFileReference; lastKnownFileType = sourcecode.swift; path = SceneDelegate.swift; sourceTree = "<group>"; };
		239ACA54288C149900D87763 /* OptionsViewController.swift */ = {isa = PBXFileReference; lastKnownFileType = sourcecode.swift; path = OptionsViewController.swift; sourceTree = "<group>"; };
		239ACA59288C149B00D87763 /* Assets.xcassets */ = {isa = PBXFileReference; lastKnownFileType = folder.assetcatalog; path = Assets.xcassets; sourceTree = "<group>"; };
		239ACA5E288C149B00D87763 /* Info.plist */ = {isa = PBXFileReference; lastKnownFileType = text.plist.xml; path = Info.plist; sourceTree = "<group>"; };
		239ACA64288C164800D87763 /* LaunchScreen.storyboard */ = {isa = PBXFileReference; fileEncoding = 4; lastKnownFileType = file.storyboard; path = LaunchScreen.storyboard; sourceTree = "<group>"; };
		239ACA68288C178E00D87763 /* ColorExtensions.swift */ = {isa = PBXFileReference; lastKnownFileType = sourcecode.swift; path = ColorExtensions.swift; sourceTree = "<group>"; };
		239ACA6A288C179B00D87763 /* StringExtensions.swift */ = {isa = PBXFileReference; lastKnownFileType = sourcecode.swift; path = StringExtensions.swift; sourceTree = "<group>"; };
		23C52A40288C211D00949AC0 /* GoogleService-Info.plist */ = {isa = PBXFileReference; fileEncoding = 4; lastKnownFileType = text.plist.xml; path = "GoogleService-Info.plist"; sourceTree = "<group>"; };
		23C52A44288C2D7D00949AC0 /* Kanit-Medium.ttf */ = {isa = PBXFileReference; lastKnownFileType = file; path = "Kanit-Medium.ttf"; sourceTree = "<group>"; };
		23C52A46288C2DA500949AC0 /* Kanit-Regular.ttf */ = {isa = PBXFileReference; lastKnownFileType = file; path = "Kanit-Regular.ttf"; sourceTree = "<group>"; };
		23C52A48288C2DFA00949AC0 /* FontHelper.swift */ = {isa = PBXFileReference; lastKnownFileType = sourcecode.swift; path = FontHelper.swift; sourceTree = "<group>"; };
		23C52A4C288C328D00949AC0 /* OptionSectionController.swift */ = {isa = PBXFileReference; lastKnownFileType = sourcecode.swift; path = OptionSectionController.swift; sourceTree = "<group>"; };
		23C52A4E288C342F00949AC0 /* OptionCell.swift */ = {isa = PBXFileReference; lastKnownFileType = sourcecode.swift; path = OptionCell.swift; sourceTree = "<group>"; };
		23C52A51288C859500949AC0 /* ProgressCell.swift */ = {isa = PBXFileReference; lastKnownFileType = sourcecode.swift; path = ProgressCell.swift; sourceTree = "<group>"; };
		23C52A54288C85CA00949AC0 /* ProgressSectionController.swift */ = {isa = PBXFileReference; lastKnownFileType = sourcecode.swift; path = ProgressSectionController.swift; sourceTree = "<group>"; };
		23C52A56288C925800949AC0 /* OptionTitleSectionController.swift */ = {isa = PBXFileReference; lastKnownFileType = sourcecode.swift; path = OptionTitleSectionController.swift; sourceTree = "<group>"; };
		23C52A58288C926F00949AC0 /* OptionTitleCell.swift */ = {isa = PBXFileReference; lastKnownFileType = sourcecode.swift; path = OptionTitleCell.swift; sourceTree = "<group>"; };
		23C52A5A288C94B800949AC0 /* BannerAdSectionController.swift */ = {isa = PBXFileReference; lastKnownFileType = sourcecode.swift; path = BannerAdSectionController.swift; sourceTree = "<group>"; };
		23C52A5C288C94CB00949AC0 /* BannerAdCell.swift */ = {isa = PBXFileReference; lastKnownFileType = sourcecode.swift; path = BannerAdCell.swift; sourceTree = "<group>"; };
		23C52A5F288CC90500949AC0 /* FittingData.swift */ = {isa = PBXFileReference; lastKnownFileType = sourcecode.swift; path = FittingData.swift; sourceTree = "<group>"; };
		823C970B2D36259C6E8C9371 /* Pods-AR.PutterFitter.release.xcconfig */ = {isa = PBXFileReference; includeInIndex = 1; lastKnownFileType = text.xcconfig; name = "Pods-AR.PutterFitter.release.xcconfig"; path = "Target Support Files/Pods-AR.PutterFitter/Pods-AR.PutterFitter.release.xcconfig"; sourceTree = "<group>"; };
/* End PBXFileReference section */

/* Begin PBXFrameworksBuildPhase section */
		239ACA4A288C149900D87763 /* Frameworks */ = {
			isa = PBXFrameworksBuildPhase;
			buildActionMask = 2147483647;
			files = (
				AB7184BBA74FA8D8D7713CEC /* Pods_AR_PutterFitter.framework in Frameworks */,
			);
			runOnlyForDeploymentPostprocessing = 0;
		};
/* End PBXFrameworksBuildPhase section */

/* Begin PBXGroup section */
		164C1B201753AC3CE8F7A157 /* Frameworks */ = {
			isa = PBXGroup;
			children = (
				2079913F523334FA54879694 /* Pods_AR_PutterFitter.framework */,
			);
			name = Frameworks;
			sourceTree = "<group>";
		};
		239ACA44288C149900D87763 = {
			isa = PBXGroup;
			children = (
				239ACA4F288C149900D87763 /* AR.PutterFitter */,
				239ACA4E288C149900D87763 /* Products */,
				7E58C334AF470484D783513C /* Pods */,
				164C1B201753AC3CE8F7A157 /* Frameworks */,
			);
			sourceTree = "<group>";
		};
		239ACA4E288C149900D87763 /* Products */ = {
			isa = PBXGroup;
			children = (
				239ACA4D288C149900D87763 /* AR.PutterFitter.app */,
			);
			name = Products;
			sourceTree = "<group>";
		};
		239ACA4F288C149900D87763 /* AR.PutterFitter */ = {
			isa = PBXGroup;
			children = (
				23C52A5E288CC8F700949AC0 /* Data */,
				23C52A53288C859E00949AC0 /* SectionControllers */,
				23C52A50288C857500949AC0 /* Cells */,
				23C52A4A288C325900949AC0 /* Features */,
				239ACA66288C176700D87763 /* Components */,
				239ACA64288C164800D87763 /* LaunchScreen.storyboard */,
				239ACA50288C149900D87763 /* AppDelegate.swift */,
				239ACA52288C149900D87763 /* SceneDelegate.swift */,
				239ACA59288C149B00D87763 /* Assets.xcassets */,
				23C52A40288C211D00949AC0 /* GoogleService-Info.plist */,
				239ACA5E288C149B00D87763 /* Info.plist */,
			);
			path = AR.PutterFitter;
			sourceTree = "<group>";
		};
		239ACA66288C176700D87763 /* Components */ = {
			isa = PBXGroup;
			children = (
				23C52A43288C2D5E00949AC0 /* Helper */,
				23C52A42288C2D5600949AC0 /* Fonts */,
				239ACA67288C177400D87763 /* Extensions */,
			);
			path = Components;
			sourceTree = "<group>";
		};
		239ACA67288C177400D87763 /* Extensions */ = {
			isa = PBXGroup;
			children = (
				239ACA68288C178E00D87763 /* ColorExtensions.swift */,
				239ACA6A288C179B00D87763 /* StringExtensions.swift */,
			);
			path = Extensions;
			sourceTree = "<group>";
		};
		23C52A42288C2D5600949AC0 /* Fonts */ = {
			isa = PBXGroup;
			children = (
				23267962288CDB7500E98E42 /* Kanit-Black.ttf */,
				23C52A46288C2DA500949AC0 /* Kanit-Regular.ttf */,
				23C52A44288C2D7D00949AC0 /* Kanit-Medium.ttf */,
			);
			path = Fonts;
			sourceTree = "<group>";
		};
		23C52A43288C2D5E00949AC0 /* Helper */ = {
			isa = PBXGroup;
			children = (
				23C52A48288C2DFA00949AC0 /* FontHelper.swift */,
			);
			path = Helper;
			sourceTree = "<group>";
		};
		23C52A4A288C325900949AC0 /* Features */ = {
			isa = PBXGroup;
			children = (
				23C52A4B288C326500949AC0 /* Options */,
			);
			path = Features;
			sourceTree = "<group>";
		};
		23C52A4B288C326500949AC0 /* Options */ = {
			isa = PBXGroup;
			children = (
				239ACA54288C149900D87763 /* OptionsViewController.swift */,
			);
			path = Options;
			sourceTree = "<group>";
		};
		23C52A50288C857500949AC0 /* Cells */ = {
			isa = PBXGroup;
			children = (
				23C52A4E288C342F00949AC0 /* OptionCell.swift */,
				23C52A51288C859500949AC0 /* ProgressCell.swift */,
				23C52A58288C926F00949AC0 /* OptionTitleCell.swift */,
				23C52A5C288C94CB00949AC0 /* BannerAdCell.swift */,
				23267964288CE46600E98E42 /* LoadingCell.swift */,
				23267968288CE69100E98E42 /* ButtonCell.swift */,
				2326796C288CEE2300E98E42 /* LabelCell.swift */,
				23267970288CF03F00E98E42 /* ResultsCell.swift */,
			);
			path = Cells;
			sourceTree = "<group>";
		};
		23C52A53288C859E00949AC0 /* SectionControllers */ = {
			isa = PBXGroup;
			children = (
				23C52A4C288C328D00949AC0 /* OptionSectionController.swift */,
				23C52A54288C85CA00949AC0 /* ProgressSectionController.swift */,
				23C52A56288C925800949AC0 /* OptionTitleSectionController.swift */,
				23C52A5A288C94B800949AC0 /* BannerAdSectionController.swift */,
				23267966288CE48600E98E42 /* LoadingSectionController.swift */,
				2326796A288CE74400E98E42 /* ButtonSectionController.swift */,
				2326796E288CEE6B00E98E42 /* LabelSectionController.swift */,
				23267972288CF17000E98E42 /* ResultSectionController.swift */,
			);
			path = SectionControllers;
			sourceTree = "<group>";
		};
		23C52A5E288CC8F700949AC0 /* Data */ = {
			isa = PBXGroup;
			children = (
				23C52A5F288CC90500949AC0 /* FittingData.swift */,
			);
			path = Data;
			sourceTree = "<group>";
		};
		7E58C334AF470484D783513C /* Pods */ = {
			isa = PBXGroup;
			children = (
				1ADCDB144967B7AA3ABA09E0 /* Pods-AR.PutterFitter.debug.xcconfig */,
				823C970B2D36259C6E8C9371 /* Pods-AR.PutterFitter.release.xcconfig */,
			);
			path = Pods;
			sourceTree = "<group>";
		};
/* End PBXGroup section */

/* Begin PBXNativeTarget section */
		239ACA4C288C149900D87763 /* AR.PutterFitter */ = {
			isa = PBXNativeTarget;
			buildConfigurationList = 239ACA61288C149B00D87763 /* Build configuration list for PBXNativeTarget "AR.PutterFitter" */;
			buildPhases = (
				D3F622C3038A889B22229EB7 /* [CP] Check Pods Manifest.lock */,
				239ACA49288C149900D87763 /* Sources */,
				239ACA4A288C149900D87763 /* Frameworks */,
				239ACA4B288C149900D87763 /* Resources */,
				064A1F96E945698ABBDE5F98 /* [CP] Embed Pods Frameworks */,
			);
			buildRules = (
			);
			dependencies = (
			);
			name = AR.PutterFitter;
			productName = AR.PutterFitter;
			productReference = 239ACA4D288C149900D87763 /* AR.PutterFitter.app */;
			productType = "com.apple.product-type.application";
		};
/* End PBXNativeTarget section */

/* Begin PBXProject section */
		239ACA45288C149900D87763 /* Project object */ = {
			isa = PBXProject;
			attributes = {
				BuildIndependentTargetsInParallel = 1;
				LastSwiftUpdateCheck = 1400;
				LastUpgradeCheck = 1400;
				TargetAttributes = {
					239ACA4C288C149900D87763 = {
						CreatedOnToolsVersion = 14.0;
					};
				};
			};
			buildConfigurationList = 239ACA48288C149900D87763 /* Build configuration list for PBXProject "AR.PutterFitter" */;
			compatibilityVersion = "Xcode 9.3";
			developmentRegion = en;
			hasScannedForEncodings = 0;
			knownRegions = (
				en,
				Base,
			);
			mainGroup = 239ACA44288C149900D87763;
			productRefGroup = 239ACA4E288C149900D87763 /* Products */;
			projectDirPath = "";
			projectRoot = "";
			targets = (
				239ACA4C288C149900D87763 /* AR.PutterFitter */,
			);
		};
/* End PBXProject section */

/* Begin PBXResourcesBuildPhase section */
		239ACA4B288C149900D87763 /* Resources */ = {
			isa = PBXResourcesBuildPhase;
			buildActionMask = 2147483647;
			files = (
				23267963288CDB7500E98E42 /* Kanit-Black.ttf in Resources */,
				23C52A47288C2DA500949AC0 /* Kanit-Regular.ttf in Resources */,
				239ACA65288C164800D87763 /* LaunchScreen.storyboard in Resources */,
				23C52A45288C2D7D00949AC0 /* Kanit-Medium.ttf in Resources */,
				239ACA5A288C149B00D87763 /* Assets.xcassets in Resources */,
				23C52A41288C211D00949AC0 /* GoogleService-Info.plist in Resources */,
			);
			runOnlyForDeploymentPostprocessing = 0;
		};
/* End PBXResourcesBuildPhase section */

/* Begin PBXShellScriptBuildPhase section */
		064A1F96E945698ABBDE5F98 /* [CP] Embed Pods Frameworks */ = {
			isa = PBXShellScriptBuildPhase;
			buildActionMask = 2147483647;
			files = (
			);
			inputFileListPaths = (
				"${PODS_ROOT}/Target Support Files/Pods-AR.PutterFitter/Pods-AR.PutterFitter-frameworks-${CONFIGURATION}-input-files.xcfilelist",
			);
			name = "[CP] Embed Pods Frameworks";
			outputFileListPaths = (
				"${PODS_ROOT}/Target Support Files/Pods-AR.PutterFitter/Pods-AR.PutterFitter-frameworks-${CONFIGURATION}-output-files.xcfilelist",
			);
			runOnlyForDeploymentPostprocessing = 0;
			shellPath = /bin/sh;
			shellScript = "\"${PODS_ROOT}/Target Support Files/Pods-AR.PutterFitter/Pods-AR.PutterFitter-frameworks.sh\"\n";
			showEnvVarsInLog = 0;
		};
		D3F622C3038A889B22229EB7 /* [CP] Check Pods Manifest.lock */ = {
			isa = PBXShellScriptBuildPhase;
			buildActionMask = 2147483647;
			files = (
			);
			inputFileListPaths = (
			);
			inputPaths = (
				"${PODS_PODFILE_DIR_PATH}/Podfile.lock",
				"${PODS_ROOT}/Manifest.lock",
			);
			name = "[CP] Check Pods Manifest.lock";
			outputFileListPaths = (
			);
			outputPaths = (
				"$(DERIVED_FILE_DIR)/Pods-AR.PutterFitter-checkManifestLockResult.txt",
			);
			runOnlyForDeploymentPostprocessing = 0;
			shellPath = /bin/sh;
			shellScript = "diff \"${PODS_PODFILE_DIR_PATH}/Podfile.lock\" \"${PODS_ROOT}/Manifest.lock\" > /dev/null\nif [ $? != 0 ] ; then\n    # print error to STDERR\n    echo \"error: The sandbox is not in sync with the Podfile.lock. Run 'pod install' or update your CocoaPods installation.\" >&2\n    exit 1\nfi\n# This output is used by Xcode 'outputs' to avoid re-running this script phase.\necho \"SUCCESS\" > \"${SCRIPT_OUTPUT_FILE_0}\"\n";
			showEnvVarsInLog = 0;
		};
/* End PBXShellScriptBuildPhase section */

/* Begin PBXSourcesBuildPhase section */
		239ACA49288C149900D87763 /* Sources */ = {
			isa = PBXSourcesBuildPhase;
			buildActionMask = 2147483647;
			files = (
				23C52A49288C2DFA00949AC0 /* FontHelper.swift in Sources */,
				239ACA55288C149900D87763 /* OptionsViewController.swift in Sources */,
				23C52A60288CC90500949AC0 /* FittingData.swift in Sources */,
				239ACA51288C149900D87763 /* AppDelegate.swift in Sources */,
				239ACA6B288C179B00D87763 /* StringExtensions.swift in Sources */,
				2326796F288CEE6B00E98E42 /* LabelSectionController.swift in Sources */,
				23267967288CE48600E98E42 /* LoadingSectionController.swift in Sources */,
				23C52A5B288C94B800949AC0 /* BannerAdSectionController.swift in Sources */,
				23C52A4D288C328D00949AC0 /* OptionSectionController.swift in Sources */,
				23C52A57288C925800949AC0 /* OptionTitleSectionController.swift in Sources */,
				23C52A4F288C342F00949AC0 /* OptionCell.swift in Sources */,
				23C52A59288C926F00949AC0 /* OptionTitleCell.swift in Sources */,
				23267969288CE69100E98E42 /* ButtonCell.swift in Sources */,
				2326796B288CE74400E98E42 /* ButtonSectionController.swift in Sources */,
				23267965288CE46600E98E42 /* LoadingCell.swift in Sources */,
				23C52A55288C85CA00949AC0 /* ProgressSectionController.swift in Sources */,
				23267971288CF03F00E98E42 /* ResultsCell.swift in Sources */,
				23C52A5D288C94CB00949AC0 /* BannerAdCell.swift in Sources */,
				23267973288CF17000E98E42 /* ResultSectionController.swift in Sources */,
				239ACA53288C149900D87763 /* SceneDelegate.swift in Sources */,
				23C52A52288C859500949AC0 /* ProgressCell.swift in Sources */,
				2326796D288CEE2300E98E42 /* LabelCell.swift in Sources */,
				239ACA69288C178E00D87763 /* ColorExtensions.swift in Sources */,
			);
			runOnlyForDeploymentPostprocessing = 0;
		};
/* End PBXSourcesBuildPhase section */

/* Begin XCBuildConfiguration section */
		239ACA5F288C149B00D87763 /* Debug */ = {
			isa = XCBuildConfiguration;
			buildSettings = {
				ALWAYS_SEARCH_USER_PATHS = NO;
				CLANG_ANALYZER_NONNULL = YES;
				CLANG_ANALYZER_NUMBER_OBJECT_CONVERSION = YES_AGGRESSIVE;
				CLANG_CXX_LANGUAGE_STANDARD = "gnu++20";
				CLANG_ENABLE_MODULES = YES;
				CLANG_ENABLE_OBJC_ARC = YES;
				CLANG_ENABLE_OBJC_WEAK = YES;
				CLANG_WARN_BLOCK_CAPTURE_AUTORELEASING = YES;
				CLANG_WARN_BOOL_CONVERSION = YES;
				CLANG_WARN_COMMA = YES;
				CLANG_WARN_CONSTANT_CONVERSION = YES;
				CLANG_WARN_DEPRECATED_OBJC_IMPLEMENTATIONS = YES;
				CLANG_WARN_DIRECT_OBJC_ISA_USAGE = YES_ERROR;
				CLANG_WARN_DOCUMENTATION_COMMENTS = YES;
				CLANG_WARN_EMPTY_BODY = YES;
				CLANG_WARN_ENUM_CONVERSION = YES;
				CLANG_WARN_INFINITE_RECURSION = YES;
				CLANG_WARN_INT_CONVERSION = YES;
				CLANG_WARN_NON_LITERAL_NULL_CONVERSION = YES;
				CLANG_WARN_OBJC_IMPLICIT_RETAIN_SELF = YES;
				CLANG_WARN_OBJC_LITERAL_CONVERSION = YES;
				CLANG_WARN_OBJC_ROOT_CLASS = YES_ERROR;
				CLANG_WARN_QUOTED_INCLUDE_IN_FRAMEWORK_HEADER = YES;
				CLANG_WARN_RANGE_LOOP_ANALYSIS = YES;
				CLANG_WARN_STRICT_PROTOTYPES = YES;
				CLANG_WARN_SUSPICIOUS_MOVE = YES;
				CLANG_WARN_UNGUARDED_AVAILABILITY = YES_AGGRESSIVE;
				CLANG_WARN_UNREACHABLE_CODE = YES;
				CLANG_WARN__DUPLICATE_METHOD_MATCH = YES;
				COPY_PHASE_STRIP = NO;
				DEBUG_INFORMATION_FORMAT = dwarf;
				ENABLE_STRICT_OBJC_MSGSEND = YES;
				ENABLE_TESTABILITY = YES;
				GCC_C_LANGUAGE_STANDARD = gnu11;
				GCC_DYNAMIC_NO_PIC = NO;
				GCC_NO_COMMON_BLOCKS = YES;
				GCC_OPTIMIZATION_LEVEL = 0;
				GCC_PREPROCESSOR_DEFINITIONS = (
					"DEBUG=1",
					"$(inherited)",
				);
				GCC_WARN_64_TO_32_BIT_CONVERSION = YES;
				GCC_WARN_ABOUT_RETURN_TYPE = YES_ERROR;
				GCC_WARN_UNDECLARED_SELECTOR = YES;
				GCC_WARN_UNINITIALIZED_AUTOS = YES_AGGRESSIVE;
				GCC_WARN_UNUSED_FUNCTION = YES;
				GCC_WARN_UNUSED_VARIABLE = YES;
				IPHONEOS_DEPLOYMENT_TARGET = 14.5;
				MTL_ENABLE_DEBUG_INFO = INCLUDE_SOURCE;
				MTL_FAST_MATH = YES;
				ONLY_ACTIVE_ARCH = YES;
				SDKROOT = iphoneos;
				SWIFT_ACTIVE_COMPILATION_CONDITIONS = DEBUG;
				SWIFT_OPTIMIZATION_LEVEL = "-Onone";
			};
			name = Debug;
		};
		239ACA60288C149B00D87763 /* Release */ = {
			isa = XCBuildConfiguration;
			buildSettings = {
				ALWAYS_SEARCH_USER_PATHS = NO;
				CLANG_ANALYZER_NONNULL = YES;
				CLANG_ANALYZER_NUMBER_OBJECT_CONVERSION = YES_AGGRESSIVE;
				CLANG_CXX_LANGUAGE_STANDARD = "gnu++20";
				CLANG_ENABLE_MODULES = YES;
				CLANG_ENABLE_OBJC_ARC = YES;
				CLANG_ENABLE_OBJC_WEAK = YES;
				CLANG_WARN_BLOCK_CAPTURE_AUTORELEASING = YES;
				CLANG_WARN_BOOL_CONVERSION = YES;
				CLANG_WARN_COMMA = YES;
				CLANG_WARN_CONSTANT_CONVERSION = YES;
				CLANG_WARN_DEPRECATED_OBJC_IMPLEMENTATIONS = YES;
				CLANG_WARN_DIRECT_OBJC_ISA_USAGE = YES_ERROR;
				CLANG_WARN_DOCUMENTATION_COMMENTS = YES;
				CLANG_WARN_EMPTY_BODY = YES;
				CLANG_WARN_ENUM_CONVERSION = YES;
				CLANG_WARN_INFINITE_RECURSION = YES;
				CLANG_WARN_INT_CONVERSION = YES;
				CLANG_WARN_NON_LITERAL_NULL_CONVERSION = YES;
				CLANG_WARN_OBJC_IMPLICIT_RETAIN_SELF = YES;
				CLANG_WARN_OBJC_LITERAL_CONVERSION = YES;
				CLANG_WARN_OBJC_ROOT_CLASS = YES_ERROR;
				CLANG_WARN_QUOTED_INCLUDE_IN_FRAMEWORK_HEADER = YES;
				CLANG_WARN_RANGE_LOOP_ANALYSIS = YES;
				CLANG_WARN_STRICT_PROTOTYPES = YES;
				CLANG_WARN_SUSPICIOUS_MOVE = YES;
				CLANG_WARN_UNGUARDED_AVAILABILITY = YES_AGGRESSIVE;
				CLANG_WARN_UNREACHABLE_CODE = YES;
				CLANG_WARN__DUPLICATE_METHOD_MATCH = YES;
				COPY_PHASE_STRIP = NO;
				DEBUG_INFORMATION_FORMAT = "dwarf-with-dsym";
				ENABLE_NS_ASSERTIONS = NO;
				ENABLE_STRICT_OBJC_MSGSEND = YES;
				GCC_C_LANGUAGE_STANDARD = gnu11;
				GCC_NO_COMMON_BLOCKS = YES;
				GCC_WARN_64_TO_32_BIT_CONVERSION = YES;
				GCC_WARN_ABOUT_RETURN_TYPE = YES_ERROR;
				GCC_WARN_UNDECLARED_SELECTOR = YES;
				GCC_WARN_UNINITIALIZED_AUTOS = YES_AGGRESSIVE;
				GCC_WARN_UNUSED_FUNCTION = YES;
				GCC_WARN_UNUSED_VARIABLE = YES;
				IPHONEOS_DEPLOYMENT_TARGET = 14.5;
				MTL_ENABLE_DEBUG_INFO = NO;
				MTL_FAST_MATH = YES;
				SDKROOT = iphoneos;
				SWIFT_COMPILATION_MODE = wholemodule;
				SWIFT_OPTIMIZATION_LEVEL = "-O";
				VALIDATE_PRODUCT = YES;
			};
			name = Release;
		};
		239ACA62288C149B00D87763 /* Debug */ = {
			isa = XCBuildConfiguration;
			baseConfigurationReference = 1ADCDB144967B7AA3ABA09E0 /* Pods-AR.PutterFitter.debug.xcconfig */;
			buildSettings = {
				ASSETCATALOG_COMPILER_APPICON_NAME = AppIcon;
				ASSETCATALOG_COMPILER_GLOBAL_ACCENT_COLOR_NAME = AccentColor;
				CODE_SIGN_STYLE = Automatic;
				CURRENT_PROJECT_VERSION = 1;
				DEVELOPMENT_TEAM = N9WD753NH2;
				GENERATE_INFOPLIST_FILE = YES;
				INFOPLIST_FILE = AR.PutterFitter/Info.plist;
				INFOPLIST_KEY_CFBundleDisplayName = "Putter Fitter";
				INFOPLIST_KEY_LSApplicationCategoryType = "public.app-category.sports";
				INFOPLIST_KEY_UIApplicationSupportsIndirectInputEvents = YES;
				INFOPLIST_KEY_UILaunchStoryboardName = LaunchScreen;
				INFOPLIST_KEY_UISupportedInterfaceOrientations = UIInterfaceOrientationPortrait;
				INFOPLIST_KEY_UISupportedInterfaceOrientations_iPad = "UIInterfaceOrientationLandscapeLeft UIInterfaceOrientationLandscapeRight UIInterfaceOrientationPortraitUpsideDown";
				IPHONEOS_DEPLOYMENT_TARGET = 13.0;
				LD_RUNPATH_SEARCH_PATHS = (
					"$(inherited)",
					"@executable_path/Frameworks",
				);
				MARKETING_VERSION = 4.0.0;
				PRODUCT_BUNDLE_IDENTIFIER = com.putterfitter.N9WD753NH2;
				PRODUCT_NAME = "$(TARGET_NAME)";
				SUPPORTED_PLATFORMS = "iphoneos iphonesimulator";
				SUPPORTS_MACCATALYST = NO;
				SUPPORTS_MAC_DESIGNED_FOR_IPHONE_IPAD = YES;
				SWIFT_EMIT_LOC_STRINGS = YES;
				SWIFT_VERSION = 5.0;
				TARGETED_DEVICE_FAMILY = 1;
			};
			name = Debug;
		};
		239ACA63288C149B00D87763 /* Release */ = {
			isa = XCBuildConfiguration;
			baseConfigurationReference = 823C970B2D36259C6E8C9371 /* Pods-AR.PutterFitter.release.xcconfig */;
			buildSettings = {
				ASSETCATALOG_COMPILER_APPICON_NAME = AppIcon;
				ASSETCATALOG_COMPILER_GLOBAL_ACCENT_COLOR_NAME = AccentColor;
				CODE_SIGN_STYLE = Automatic;
				CURRENT_PROJECT_VERSION = 1;
				DEVELOPMENT_TEAM = N9WD753NH2;
				GENERATE_INFOPLIST_FILE = YES;
				INFOPLIST_FILE = AR.PutterFitter/Info.plist;
				INFOPLIST_KEY_CFBundleDisplayName = "Putter Fitter";
				INFOPLIST_KEY_LSApplicationCategoryType = "public.app-category.sports";
				INFOPLIST_KEY_UIApplicationSupportsIndirectInputEvents = YES;
				INFOPLIST_KEY_UILaunchStoryboardName = LaunchScreen;
				INFOPLIST_KEY_UISupportedInterfaceOrientations = UIInterfaceOrientationPortrait;
				INFOPLIST_KEY_UISupportedInterfaceOrientations_iPad = "UIInterfaceOrientationLandscapeLeft UIInterfaceOrientationLandscapeRight UIInterfaceOrientationPortraitUpsideDown";
				IPHONEOS_DEPLOYMENT_TARGET = 13.0;
				LD_RUNPATH_SEARCH_PATHS = (
					"$(inherited)",
					"@executable_path/Frameworks",
				);
				MARKETING_VERSION = 4.0.0;
				PRODUCT_BUNDLE_IDENTIFIER = com.putterfitter.N9WD753NH2;
				PRODUCT_NAME = "$(TARGET_NAME)";
				SUPPORTED_PLATFORMS = "iphoneos iphonesimulator";
				SUPPORTS_MACCATALYST = NO;
				SUPPORTS_MAC_DESIGNED_FOR_IPHONE_IPAD = YES;
				SWIFT_EMIT_LOC_STRINGS = YES;
				SWIFT_VERSION = 5.0;
				TARGETED_DEVICE_FAMILY = 1;
			};
			name = Release;
		};
/* End XCBuildConfiguration section */

/* Begin XCConfigurationList section */
		239ACA48288C149900D87763 /* Build configuration list for PBXProject "AR.PutterFitter" */ = {
			isa = XCConfigurationList;
			buildConfigurations = (
				239ACA5F288C149B00D87763 /* Debug */,
				239ACA60288C149B00D87763 /* Release */,
			);
			defaultConfigurationIsVisible = 0;
			defaultConfigurationName = Release;
		};
		239ACA61288C149B00D87763 /* Build configuration list for PBXNativeTarget "AR.PutterFitter" */ = {
			isa = XCConfigurationList;
			buildConfigurations = (
				239ACA62288C149B00D87763 /* Debug */,
				239ACA63288C149B00D87763 /* Release */,
			);
			defaultConfigurationIsVisible = 0;
			defaultConfigurationName = Release;
		};
/* End XCConfigurationList section */
	};
	rootObject = 239ACA45288C149900D87763 /* Project object */;
}
